# This file is autogenerated, do not edit; changes may be undone by the next 'dep ensure'.


[[projects]]
  digest = "1:8a3e7525dc0cf0236b163166800ecbc78d6c8c5d7ac956996e7b3bef8cfadc41"
  name = "github.com/segmentio/ksuid"
  packages = ["."]
  pruneopts = "UT"
  revision = "112f929a3020abfcd06b77c963ec919130796a35"
  version = "1.0.1"

[solve-meta]
  analyzer-name = "dep"
  analyzer-version = 1
  input-imports = ["github.com/segmentio/ksuid"]
  solver-name = "gps-cdcl"
  solver-version = 1
